
Microsoft Visual Studio Solution File, Format Version 12.00
# Visual Studio Version 17
VisualStudioVersion = 17.14.36511.14 d17.14
MinimumVisualStudioVersion = 10.0.40219.1
Project("{FAE04EC0-301F-11D3-BF4B-00C04F79EFBC}") = "BOS_CONSOL", "BOS_CONSOL.csproj", "{F5C1ADE1-34DA-4B5B-8311-22D857D76CD9}"
EndProject
Global
	GlobalSection(SolutionConfigurationPlatforms) = preSolution
		Debug|Any CPU = Debug|Any CPU
		Release|Any CPU = Release|Any CPU
	EndGlobalSection
	GlobalSection(ProjectConfigurationPlatforms) = postSolution
		{F5C1ADE1-34DA-4B5B-8311-22D857D76CD9}.Debug|Any CPU.ActiveCfg = Debug|Any CPU
		{F5C1ADE1-34DA-4B5B-8311-22D857D76CD9}.Debug|Any CPU.Build.0 = Debug|Any CPU
		{F5C1ADE1-34DA-4B5B-8311-22D857D76CD9}.Release|Any CPU.ActiveCfg = Release|Any CPU
		{F5C1ADE1-34DA-4B5B-8311-22D857D76CD9}.Release|Any CPU.Build.0 = Release|Any CPU
	EndGlobalSection
	GlobalSection(SolutionProperties) = preSolution
		HideSolutionNode = FALSE
	EndGlobalSection
	GlobalSection(ExtensibilityGlobals) = postSolution
		SolutionGuid = {47DDB957-B9B6-4A75-A1C0-8FCD504FE469}
	EndGlobalSection
EndGlobal
